{
  "name": "traffic-fine-lookup-vn",
  "version": "1.0.0",
  "lockfileVersion": 3,
  "requires": true,
  "packages": {
    "": {
      "name": "traffic-fine-lookup-vn",
      "version": "1.0.0",
      "bin": {
        "check-vnetraffic": "scripts/check_vnetraffic.mjs"
      },
      "engines": {
        "node": ">=18"
      }
    }
  }
}
